// !$*UTF8*$!
{
	archiveVersion = 1;
	classes = {
	};
	objectVersion = 46;
	objects = {

/* Begin PBXBuildFile section */
		300A723720151D3700D08355 /* MapKit.framework in Frameworks */ = {isa = PBXBuildFile; fileRef = 300A723620151D3700D08355 /* MapKit.framework */; };
		300A723B201534B200D08355 /* EntradaDetalheStoryboard.storyboard in Resources */ = {isa = PBXBuildFile; fileRef = 300A723A201534B200D08355 /* EntradaDetalheStoryboard.storyboard */; };
		300A723E201534DD00D08355 /* EntradaDetalheStoryboardController.m in Sources */ = {isa = PBXBuildFile; fileRef = 300A723D201534DD00D08355 /* EntradaDetalheStoryboardController.m */; };
		301853C9200EB21F005CF43D /* EntradaTableController.m in Sources */ = {isa = PBXBuildFile; fileRef = 301853C7200EB21F005CF43D /* EntradaTableController.m */; };
		301853CD200EB4C3005CF43D /* Entrada.m in Sources */ = {isa = PBXBuildFile; fileRef = 301853CC200EB4C3005CF43D /* Entrada.m */; };
		301853D0200EB526005CF43D /* EntradaDao.m in Sources */ = {isa = PBXBuildFile; fileRef = 301853CF200EB526005CF43D /* EntradaDao.m */; };
		3023B5872014269300A5CE62 /* EntradaVisualizacaoTableController.m in Sources */ = {isa = PBXBuildFile; fileRef = 3023B5862014269300A5CE62 /* EntradaVisualizacaoTableController.m */; };
		30CA36ED200B968600CE8CD3 /* CargaCategoriaStoryboard.storyboard in Resources */ = {isa = PBXBuildFile; fileRef = 30CA36EC200B968600CE8CD3 /* CargaCategoriaStoryboard.storyboard */; };
		30CA36F1200B979A00CE8CD3 /* CargaCategoriaStoryboardController.m in Sources */ = {isa = PBXBuildFile; fileRef = 30CA36F0200B979A00CE8CD3 /* CargaCategoriaStoryboardController.m */; };
		30FFF95920114DEE0006124D /* EntradaTableCell.m in Sources */ = {isa = PBXBuildFile; fileRef = 30FFF95720114DEE0006124D /* EntradaTableCell.m */; };
		30FFF95A20114DEE0006124D /* EntradaTableCell.xib in Resources */ = {isa = PBXBuildFile; fileRef = 30FFF95820114DEE0006124D /* EntradaTableCell.xib */; };
		30FFF95C20115C340006124D /* EntradaStoryboard.storyboard in Resources */ = {isa = PBXBuildFile; fileRef = 30FFF95B20115C340006124D /* EntradaStoryboard.storyboard */; };
		30FFF960201165A40006124D /* EntradaStoryboardController.m in Sources */ = {isa = PBXBuildFile; fileRef = 30FFF95F201165A40006124D /* EntradaStoryboardController.m */; };
		AD614C661FFFFF20002DC400 /* Info.plist in Resources */ = {isa = PBXBuildFile; fileRef = AD614C5D1FFFFF20002DC400 /* Info.plist */; };
		AD614C671FFFFF20002DC400 /* Assets.xcassets in Resources */ = {isa = PBXBuildFile; fileRef = AD614C601FFFFF20002DC400 /* Assets.xcassets */; };
		AD614C691FFFFF20002DC400 /* Main.storyboard in Resources */ = {isa = PBXBuildFile; fileRef = AD614C641FFFFF20002DC400 /* Main.storyboard */; };
		AD614C9B2000E02A002DC400 /* ProjetoSecreto.xcdatamodeld in Sources */ = {isa = PBXBuildFile; fileRef = AD614C942000E02A002DC400 /* ProjetoSecreto.xcdatamodeld */; };
		AD614C9C2000E02A002DC400 /* AppDelegate.m in Sources */ = {isa = PBXBuildFile; fileRef = AD614C982000E02A002DC400 /* AppDelegate.m */; };
		AD614C9D2000E02A002DC400 /* main.m in Sources */ = {isa = PBXBuildFile; fileRef = AD614C992000E02A002DC400 /* main.m */; };
		AD614CAD2000E1E8002DC400 /* PrincipalController.m in Sources */ = {isa = PBXBuildFile; fileRef = AD614CAB2000E1E8002DC400 /* PrincipalController.m */; };
		AD614CCB2000EBC5002DC400 /* CategoriaDao.m in Sources */ = {isa = PBXBuildFile; fileRef = AD614CCA2000EBC5002DC400 /* CategoriaDao.m */; };
		AD614CD52000FCFA002DC400 /* CategoriaService.m in Sources */ = {isa = PBXBuildFile; fileRef = AD614CD42000FCFA002DC400 /* CategoriaService.m */; };
		AD614CD82000FD2E002DC400 /* Categoria.m in Sources */ = {isa = PBXBuildFile; fileRef = AD614CD72000FD2E002DC400 /* Categoria.m */; };
		ADF5E2702003FFB100886A3E /* Info.plist in Resources */ = {isa = PBXBuildFile; fileRef = ADF5E2572003FFB100886A3E /* Info.plist */; };
		ADF5E2712003FFB100886A3E /* JSONModel.m in Sources */ = {isa = PBXBuildFile; fileRef = ADF5E25A2003FFB100886A3E /* JSONModel.m */; };
		ADF5E2722003FFB100886A3E /* JSONModelClassProperty.m in Sources */ = {isa = PBXBuildFile; fileRef = ADF5E25C2003FFB100886A3E /* JSONModelClassProperty.m */; };
		ADF5E2732003FFB100886A3E /* JSONModelError.m in Sources */ = {isa = PBXBuildFile; fileRef = ADF5E25E2003FFB100886A3E /* JSONModelError.m */; };
		ADF5E2742003FFB100886A3E /* JSONAPI.m in Sources */ = {isa = PBXBuildFile; fileRef = ADF5E2632003FFB100886A3E /* JSONAPI.m */; };
		ADF5E2752003FFB100886A3E /* JSONHTTPClient.m in Sources */ = {isa = PBXBuildFile; fileRef = ADF5E2652003FFB100886A3E /* JSONHTTPClient.m */; };
		ADF5E2762003FFB100886A3E /* JSONModel+networking.m in Sources */ = {isa = PBXBuildFile; fileRef = ADF5E2672003FFB100886A3E /* JSONModel+networking.m */; };
		ADF5E2772003FFB100886A3E /* JSONKeyMapper.m in Sources */ = {isa = PBXBuildFile; fileRef = ADF5E26A2003FFB100886A3E /* JSONKeyMapper.m */; };
		ADF5E2782003FFB100886A3E /* JSONValueTransformer.m in Sources */ = {isa = PBXBuildFile; fileRef = ADF5E26C2003FFB100886A3E /* JSONValueTransformer.m */; };
/* End PBXBuildFile section */

/* Begin PBXFileReference section */
		300A723620151D3700D08355 /* MapKit.framework */ = {isa = PBXFileReference; lastKnownFileType = wrapper.framework; name = MapKit.framework; path = System/Library/Frameworks/MapKit.framework; sourceTree = SDKROOT; };
		300A723A201534B200D08355 /* EntradaDetalheStoryboard.storyboard */ = {isa = PBXFileReference; fileEncoding = 4; lastKnownFileType = file.storyboard; path = EntradaDetalheStoryboard.storyboard; sourceTree = "<group>"; };
		300A723C201534DD00D08355 /* EntradaDetalheStoryboardController.h */ = {isa = PBXFileReference; fileEncoding = 4; lastKnownFileType = sourcecode.c.h; path = EntradaDetalheStoryboardController.h; sourceTree = "<group>"; };
		300A723D201534DD00D08355 /* EntradaDetalheStoryboardController.m */ = {isa = PBXFileReference; fileEncoding = 4; lastKnownFileType = sourcecode.c.objc; path = EntradaDetalheStoryboardController.m; sourceTree = "<group>"; };
		301853C6200EB21F005CF43D /* EntradaTableController.h */ = {isa = PBXFileReference; fileEncoding = 4; lastKnownFileType = sourcecode.c.h; path = EntradaTableController.h; sourceTree = "<group>"; };
		301853C7200EB21F005CF43D /* EntradaTableController.m */ = {isa = PBXFileReference; fileEncoding = 4; lastKnownFileType = sourcecode.c.objc; path = EntradaTableController.m; sourceTree = "<group>"; };
		301853CB200EB4C3005CF43D /* Entrada.h */ = {isa = PBXFileReference; fileEncoding = 4; lastKnownFileType = sourcecode.c.h; path = Entrada.h; sourceTree = "<group>"; };
		301853CC200EB4C3005CF43D /* Entrada.m */ = {isa = PBXFileReference; fileEncoding = 4; lastKnownFileType = sourcecode.c.objc; path = Entrada.m; sourceTree = "<group>"; };
		301853CE200EB526005CF43D /* EntradaDao.h */ = {isa = PBXFileReference; fileEncoding = 4; lastKnownFileType = sourcecode.c.h; path = EntradaDao.h; sourceTree = "<group>"; };
		301853CF200EB526005CF43D /* EntradaDao.m */ = {isa = PBXFileReference; fileEncoding = 4; lastKnownFileType = sourcecode.c.objc; path = EntradaDao.m; sourceTree = "<group>"; };
		3023B5852014269300A5CE62 /* EntradaVisualizacaoTableController.h */ = {isa = PBXFileReference; fileEncoding = 4; lastKnownFileType = sourcecode.c.h; path = EntradaVisualizacaoTableController.h; sourceTree = "<group>"; };
		3023B5862014269300A5CE62 /* EntradaVisualizacaoTableController.m */ = {isa = PBXFileReference; fileEncoding = 4; lastKnownFileType = sourcecode.c.objc; path = EntradaVisualizacaoTableController.m; sourceTree = "<group>"; };
		30CA36EC200B968600CE8CD3 /* CargaCategoriaStoryboard.storyboard */ = {isa = PBXFileReference; fileEncoding = 4; lastKnownFileType = file.storyboard; path = CargaCategoriaStoryboard.storyboard; sourceTree = "<group>"; };
		30CA36EF200B979A00CE8CD3 /* CargaCategoriaStoryboardController.h */ = {isa = PBXFileReference; fileEncoding = 4; lastKnownFileType = sourcecode.c.h; path = CargaCategoriaStoryboardController.h; sourceTree = "<group>"; };
		30CA36F0200B979A00CE8CD3 /* CargaCategoriaStoryboardController.m */ = {isa = PBXFileReference; fileEncoding = 4; lastKnownFileType = sourcecode.c.objc; path = CargaCategoriaStoryboardController.m; sourceTree = "<group>"; };
		30FFF95620114DEE0006124D /* EntradaTableCell.h */ = {isa = PBXFileReference; fileEncoding = 4; lastKnownFileType = sourcecode.c.h; path = EntradaTableCell.h; sourceTree = "<group>"; };
		30FFF95720114DEE0006124D /* EntradaTableCell.m */ = {isa = PBXFileReference; fileEncoding = 4; lastKnownFileType = sourcecode.c.objc; path = EntradaTableCell.m; sourceTree = "<group>"; };
		30FFF95820114DEE0006124D /* EntradaTableCell.xib */ = {isa = PBXFileReference; fileEncoding = 4; lastKnownFileType = file.xib; path = EntradaTableCell.xib; sourceTree = "<group>"; };
		30FFF95B20115C340006124D /* EntradaStoryboard.storyboard */ = {isa = PBXFileReference; fileEncoding = 4; lastKnownFileType = file.storyboard; path = EntradaStoryboard.storyboard; sourceTree = "<group>"; };
		30FFF95E201165A40006124D /* EntradaStoryboardController.h */ = {isa = PBXFileReference; fileEncoding = 4; lastKnownFileType = sourcecode.c.h; path = EntradaStoryboardController.h; sourceTree = "<group>"; };
		30FFF95F201165A40006124D /* EntradaStoryboardController.m */ = {isa = PBXFileReference; fileEncoding = 4; lastKnownFileType = sourcecode.c.objc; path = EntradaStoryboardController.m; sourceTree = "<group>"; };
		AD614C3F1FFFFCDF002DC400 /* ProjetoSecreto.app */ = {isa = PBXFileReference; explicitFileType = wrapper.application; includeInIndex = 0; path = ProjetoSecreto.app; sourceTree = BUILT_PRODUCTS_DIR; };
		AD614C5D1FFFFF20002DC400 /* Info.plist */ = {isa = PBXFileReference; fileEncoding = 4; lastKnownFileType = text.plist.xml; path = Info.plist; sourceTree = "<group>"; };
		AD614C601FFFFF20002DC400 /* Assets.xcassets */ = {isa = PBXFileReference; lastKnownFileType = folder.assetcatalog; path = Assets.xcassets; sourceTree = "<group>"; };
		AD614C631FFFFF20002DC400 /* Base */ = {isa = PBXFileReference; lastKnownFileType = file.storyboard; name = Base; path = Base.lproj/LaunchScreen.storyboard; sourceTree = "<group>"; };
		AD614C651FFFFF20002DC400 /* Base */ = {isa = PBXFileReference; lastKnownFileType = file.storyboard; name = Base; path = Base.lproj/Main.storyboard; sourceTree = "<group>"; };
		AD614C952000E02A002DC400 /* ProjetoSecreto.xcdatamodel */ = {isa = PBXFileReference; lastKnownFileType = wrapper.xcdatamodel; path = ProjetoSecreto.xcdatamodel; sourceTree = "<group>"; };
		AD614C972000E02A002DC400 /* AppDelegate.h */ = {isa = PBXFileReference; fileEncoding = 4; lastKnownFileType = sourcecode.c.h; path = AppDelegate.h; sourceTree = "<group>"; };
		AD614C982000E02A002DC400 /* AppDelegate.m */ = {isa = PBXFileReference; fileEncoding = 4; lastKnownFileType = sourcecode.c.objc; path = AppDelegate.m; sourceTree = "<group>"; };
		AD614C992000E02A002DC400 /* main.m */ = {isa = PBXFileReference; fileEncoding = 4; lastKnownFileType = sourcecode.c.objc; name = main.m; path = Sources/Misc/main.m; sourceTree = "<group>"; };
		AD614CAA2000E1E8002DC400 /* PrincipalController.h */ = {isa = PBXFileReference; fileEncoding = 4; lastKnownFileType = sourcecode.c.h; path = PrincipalController.h; sourceTree = "<group>"; };
		AD614CAB2000E1E8002DC400 /* PrincipalController.m */ = {isa = PBXFileReference; fileEncoding = 4; lastKnownFileType = sourcecode.c.objc; path = PrincipalController.m; sourceTree = "<group>"; };
		AD614CC92000EBC5002DC400 /* CategoriaDao.h */ = {isa = PBXFileReference; fileEncoding = 4; lastKnownFileType = sourcecode.c.h; path = CategoriaDao.h; sourceTree = "<group>"; };
		AD614CCA2000EBC5002DC400 /* CategoriaDao.m */ = {isa = PBXFileReference; fileEncoding = 4; lastKnownFileType = sourcecode.c.objc; path = CategoriaDao.m; sourceTree = "<group>"; };
		AD614CD32000FCFA002DC400 /* CategoriaService.h */ = {isa = PBXFileReference; fileEncoding = 4; lastKnownFileType = sourcecode.c.h; path = CategoriaService.h; sourceTree = "<group>"; };
		AD614CD42000FCFA002DC400 /* CategoriaService.m */ = {isa = PBXFileReference; fileEncoding = 4; lastKnownFileType = sourcecode.c.objc; path = CategoriaService.m; sourceTree = "<group>"; };
		AD614CD62000FD2E002DC400 /* Categoria.h */ = {isa = PBXFileReference; fileEncoding = 4; lastKnownFileType = sourcecode.c.h; path = Categoria.h; sourceTree = "<group>"; };
		AD614CD72000FD2E002DC400 /* Categoria.m */ = {isa = PBXFileReference; fileEncoding = 4; lastKnownFileType = sourcecode.c.objc; path = Categoria.m; sourceTree = "<group>"; };
		ADF5E2572003FFB100886A3E /* Info.plist */ = {isa = PBXFileReference; fileEncoding = 4; lastKnownFileType = text.plist.xml; path = Info.plist; sourceTree = "<group>"; };
		ADF5E2592003FFB100886A3E /* JSONModel.h */ = {isa = PBXFileReference; fileEncoding = 4; lastKnownFileType = sourcecode.c.h; path = JSONModel.h; sourceTree = "<group>"; };
		ADF5E25A2003FFB100886A3E /* JSONModel.m */ = {isa = PBXFileReference; fileEncoding = 4; lastKnownFileType = sourcecode.c.objc; path = JSONModel.m; sourceTree = "<group>"; };
		ADF5E25B2003FFB100886A3E /* JSONModelClassProperty.h */ = {isa = PBXFileReference; fileEncoding = 4; lastKnownFileType = sourcecode.c.h; path = JSONModelClassProperty.h; sourceTree = "<group>"; };
		ADF5E25C2003FFB100886A3E /* JSONModelClassProperty.m */ = {isa = PBXFileReference; fileEncoding = 4; lastKnownFileType = sourcecode.c.objc; path = JSONModelClassProperty.m; sourceTree = "<group>"; };
		ADF5E25D2003FFB100886A3E /* JSONModelError.h */ = {isa = PBXFileReference; fileEncoding = 4; lastKnownFileType = sourcecode.c.h; path = JSONModelError.h; sourceTree = "<group>"; };
		ADF5E25E2003FFB100886A3E /* JSONModelError.m */ = {isa = PBXFileReference; fileEncoding = 4; lastKnownFileType = sourcecode.c.objc; path = JSONModelError.m; sourceTree = "<group>"; };
		ADF5E25F2003FFB100886A3E /* JSONModel.modulemap */ = {isa = PBXFileReference; fileEncoding = 4; lastKnownFileType = "sourcecode.module-map"; path = JSONModel.modulemap; sourceTree = "<group>"; };
		ADF5E2602003FFB100886A3E /* JSONModelLib.h */ = {isa = PBXFileReference; fileEncoding = 4; lastKnownFileType = sourcecode.c.h; path = JSONModelLib.h; sourceTree = "<group>"; };
		ADF5E2622003FFB100886A3E /* JSONAPI.h */ = {isa = PBXFileReference; fileEncoding = 4; lastKnownFileType = sourcecode.c.h; path = JSONAPI.h; sourceTree = "<group>"; };
		ADF5E2632003FFB100886A3E /* JSONAPI.m */ = {isa = PBXFileReference; fileEncoding = 4; lastKnownFileType = sourcecode.c.objc; path = JSONAPI.m; sourceTree = "<group>"; };
		ADF5E2642003FFB100886A3E /* JSONHTTPClient.h */ = {isa = PBXFileReference; fileEncoding = 4; lastKnownFileType = sourcecode.c.h; path = JSONHTTPClient.h; sourceTree = "<group>"; };
		ADF5E2652003FFB100886A3E /* JSONHTTPClient.m */ = {isa = PBXFileReference; fileEncoding = 4; lastKnownFileType = sourcecode.c.objc; path = JSONHTTPClient.m; sourceTree = "<group>"; };
		ADF5E2662003FFB100886A3E /* JSONModel+networking.h */ = {isa = PBXFileReference; fileEncoding = 4; lastKnownFileType = sourcecode.c.h; path = "JSONModel+networking.h"; sourceTree = "<group>"; };
		ADF5E2672003FFB100886A3E /* JSONModel+networking.m */ = {isa = PBXFileReference; fileEncoding = 4; lastKnownFileType = sourcecode.c.objc; path = "JSONModel+networking.m"; sourceTree = "<group>"; };
		ADF5E2692003FFB100886A3E /* JSONKeyMapper.h */ = {isa = PBXFileReference; fileEncoding = 4; lastKnownFileType = sourcecode.c.h; path = JSONKeyMapper.h; sourceTree = "<group>"; };
		ADF5E26A2003FFB100886A3E /* JSONKeyMapper.m */ = {isa = PBXFileReference; fileEncoding = 4; lastKnownFileType = sourcecode.c.objc; path = JSONKeyMapper.m; sourceTree = "<group>"; };
		ADF5E26B2003FFB100886A3E /* JSONValueTransformer.h */ = {isa = PBXFileReference; fileEncoding = 4; lastKnownFileType = sourcecode.c.h; path = JSONValueTransformer.h; sourceTree = "<group>"; };
		ADF5E26C2003FFB100886A3E /* JSONValueTransformer.m */ = {isa = PBXFileReference; fileEncoding = 4; lastKnownFileType = sourcecode.c.objc; path = JSONValueTransformer.m; sourceTree = "<group>"; };
/* End PBXFileReference section */

/* Begin PBXFrameworksBuildPhase section */
		AD614C3C1FFFFCDF002DC400 /* Frameworks */ = {
			isa = PBXFrameworksBuildPhase;
			buildActionMask = 2147483647;
			files = (
				300A723720151D3700D08355 /* MapKit.framework in Frameworks */,
			);
			runOnlyForDeploymentPostprocessing = 0;
		};
/* End PBXFrameworksBuildPhase section */

/* Begin PBXGroup section */
		300A723120151BDE00D08355 /* EntradaDetalheController */ = {
			isa = PBXGroup;
			children = (
				300A723C201534DD00D08355 /* EntradaDetalheStoryboardController.h */,
				300A723D201534DD00D08355 /* EntradaDetalheStoryboardController.m */,
			);
			path = EntradaDetalheController;
			sourceTree = "<group>";
		};
		300A723520151D3700D08355 /* Frameworks */ = {
			isa = PBXGroup;
			children = (
				300A723620151D3700D08355 /* MapKit.framework */,
			);
			name = Frameworks;
			sourceTree = "<group>";
		};
		301853C2200EB205005CF43D /* EntradaTableController */ = {
			isa = PBXGroup;
			children = (
				301853C6200EB21F005CF43D /* EntradaTableController.h */,
				301853C7200EB21F005CF43D /* EntradaTableController.m */,
				30FFF95620114DEE0006124D /* EntradaTableCell.h */,
				30FFF95720114DEE0006124D /* EntradaTableCell.m */,
				30FFF95820114DEE0006124D /* EntradaTableCell.xib */,
			);
			path = EntradaTableController;
			sourceTree = "<group>";
		};
		3023B5842014263D00A5CE62 /* EntradaVisualizacaoTableController */ = {
			isa = PBXGroup;
			children = (
				3023B5852014269300A5CE62 /* EntradaVisualizacaoTableController.h */,
				3023B5862014269300A5CE62 /* EntradaVisualizacaoTableController.m */,
			);
			path = EntradaVisualizacaoTableController;
			sourceTree = "<group>";
		};
		30CA36EE200B975800CE8CD3 /* CargaCategoriaStoryboard */ = {
			isa = PBXGroup;
			children = (
				30CA36EF200B979A00CE8CD3 /* CargaCategoriaStoryboardController.h */,
				30CA36F0200B979A00CE8CD3 /* CargaCategoriaStoryboardController.m */,
			);
			path = CargaCategoriaStoryboard;
			sourceTree = "<group>";
		};
		30FFF95D2011657F0006124D /* EntradaStoryboard */ = {
			isa = PBXGroup;
			children = (
				30FFF95E201165A40006124D /* EntradaStoryboardController.h */,
				30FFF95F201165A40006124D /* EntradaStoryboardController.m */,
			);
			path = EntradaStoryboard;
			sourceTree = "<group>";
		};
		AD614C361FFFFCDF002DC400 = {
			isa = PBXGroup;
			children = (
				AD614C411FFFFCDF002DC400 /* ProjetoSecreto */,
				AD614C401FFFFCDF002DC400 /* Products */,
				300A723520151D3700D08355 /* Frameworks */,
			);
			sourceTree = "<group>";
		};
		AD614C401FFFFCDF002DC400 /* Products */ = {
			isa = PBXGroup;
			children = (
				AD614C3F1FFFFCDF002DC400 /* ProjetoSecreto.app */,
			);
			name = Products;
			sourceTree = "<group>";
		};
		AD614C411FFFFCDF002DC400 /* ProjetoSecreto */ = {
			isa = PBXGroup;
			children = (
				AD614C902000E02A002DC400 /* Sources */,
				AD614C5C1FFFFF20002DC400 /* Config */,
				AD614C5E1FFFFF20002DC400 /* Resources */,
				AD614C611FFFFF20002DC400 /* UserInterface */,
				AD614C421FFFFCDF002DC400 /* Supporting Files */,
			);
			path = ProjetoSecreto;
			sourceTree = "<group>";
		};
		AD614C421FFFFCDF002DC400 /* Supporting Files */ = {
			isa = PBXGroup;
			children = (
				AD614C992000E02A002DC400 /* main.m */,
			);
			name = "Supporting Files";
			sourceTree = "<group>";
		};
		AD614C5C1FFFFF20002DC400 /* Config */ = {
			isa = PBXGroup;
			children = (
				AD614C5D1FFFFF20002DC400 /* Info.plist */,
			);
			path = Config;
			sourceTree = "<group>";
		};
		AD614C5E1FFFFF20002DC400 /* Resources */ = {
			isa = PBXGroup;
			children = (
				ADF5E2552003FFB100886A3E /* Dependencies */,
				AD614C5F1FFFFF20002DC400 /* xcassets */,
			);
			path = Resources;
			sourceTree = "<group>";
		};
		AD614C5F1FFFFF20002DC400 /* xcassets */ = {
			isa = PBXGroup;
			children = (
				AD614C601FFFFF20002DC400 /* Assets.xcassets */,
			);
			path = xcassets;
			sourceTree = "<group>";
		};
		AD614C611FFFFF20002DC400 /* UserInterface */ = {
			isa = PBXGroup;
			children = (
				AD614C621FFFFF20002DC400 /* LaunchScreen.storyboard */,
				AD614C641FFFFF20002DC400 /* Main.storyboard */,
				30CA36EC200B968600CE8CD3 /* CargaCategoriaStoryboard.storyboard */,
				30FFF95B20115C340006124D /* EntradaStoryboard.storyboard */,
				300A723A201534B200D08355 /* EntradaDetalheStoryboard.storyboard */,
			);
			path = UserInterface;
			sourceTree = "<group>";
		};
		AD614C902000E02A002DC400 /* Sources */ = {
			isa = PBXGroup;
			children = (
				AD614CD22000FCEB002DC400 /* Services */,
				AD614CAF2000E4D1002DC400 /* Model */,
				AD614C912000E02A002DC400 /* Controllers */,
				AD614C922000E02A002DC400 /* Dao */,
				AD614C962000E02A002DC400 /* Misc */,
				AD614C9A2000E02A002DC400 /* Utils */,
			);
			path = Sources;
			sourceTree = "<group>";
		};
		AD614C912000E02A002DC400 /* Controllers */ = {
			isa = PBXGroup;
			children = (
				300A723120151BDE00D08355 /* EntradaDetalheController */,
				3023B5842014263D00A5CE62 /* EntradaVisualizacaoTableController */,
				30FFF95D2011657F0006124D /* EntradaStoryboard */,
				301853C2200EB205005CF43D /* EntradaTableController */,
				30CA36EE200B975800CE8CD3 /* CargaCategoriaStoryboard */,
				AD614CA92000E1E8002DC400 /* PrincipalController */,
			);
			path = Controllers;
			sourceTree = "<group>";
		};
		AD614C922000E02A002DC400 /* Dao */ = {
			isa = PBXGroup;
			children = (
				AD614C932000E02A002DC400 /* Coredata */,
				AD614CC92000EBC5002DC400 /* CategoriaDao.h */,
				AD614CCA2000EBC5002DC400 /* CategoriaDao.m */,
				301853CE200EB526005CF43D /* EntradaDao.h */,
				301853CF200EB526005CF43D /* EntradaDao.m */,
			);
			path = Dao;
			sourceTree = "<group>";
		};
		AD614C932000E02A002DC400 /* Coredata */ = {
			isa = PBXGroup;
			children = (
				AD614C942000E02A002DC400 /* ProjetoSecreto.xcdatamodeld */,
			);
			path = Coredata;
			sourceTree = "<group>";
		};
		AD614C962000E02A002DC400 /* Misc */ = {
			isa = PBXGroup;
			children = (
				AD614C972000E02A002DC400 /* AppDelegate.h */,
				AD614C982000E02A002DC400 /* AppDelegate.m */,
			);
			path = Misc;
			sourceTree = "<group>";
		};
		AD614C9A2000E02A002DC400 /* Utils */ = {
			isa = PBXGroup;
			children = (
			);
			path = Utils;
			sourceTree = "<group>";
		};
		AD614CA92000E1E8002DC400 /* PrincipalController */ = {
			isa = PBXGroup;
			children = (
				AD614CAA2000E1E8002DC400 /* PrincipalController.h */,
				AD614CAB2000E1E8002DC400 /* PrincipalController.m */,
			);
			path = PrincipalController;
			sourceTree = "<group>";
		};
		AD614CAF2000E4D1002DC400 /* Model */ = {
			isa = PBXGroup;
			children = (
				AD614CD62000FD2E002DC400 /* Categoria.h */,
				AD614CD72000FD2E002DC400 /* Categoria.m */,
				301853CB200EB4C3005CF43D /* Entrada.h */,
				301853CC200EB4C3005CF43D /* Entrada.m */,
			);
			name = Model;
			path = ProjetoSecreto/Model;
			sourceTree = SOURCE_ROOT;
		};
		AD614CD22000FCEB002DC400 /* Services */ = {
			isa = PBXGroup;
			children = (
				AD614CD32000FCFA002DC400 /* CategoriaService.h */,
				AD614CD42000FCFA002DC400 /* CategoriaService.m */,
			);
			path = Services;
			sourceTree = "<group>";
		};
		ADF5E2552003FFB100886A3E /* Dependencies */ = {
			isa = PBXGroup;
			children = (
				ADF5E2562003FFB100886A3E /* JSONModel */,
			);
			path = Dependencies;
			sourceTree = "<group>";
		};
		ADF5E2562003FFB100886A3E /* JSONModel */ = {
			isa = PBXGroup;
			children = (
				ADF5E2572003FFB100886A3E /* Info.plist */,
				ADF5E2582003FFB100886A3E /* JSONModel */,
				ADF5E25F2003FFB100886A3E /* JSONModel.modulemap */,
				ADF5E2602003FFB100886A3E /* JSONModelLib.h */,
				ADF5E2612003FFB100886A3E /* JSONModelNetworking */,
				ADF5E2682003FFB100886A3E /* JSONModelTransformations */,
			);
			path = JSONModel;
			sourceTree = "<group>";
		};
		ADF5E2582003FFB100886A3E /* JSONModel */ = {
			isa = PBXGroup;
			children = (
				ADF5E2592003FFB100886A3E /* JSONModel.h */,
				ADF5E25A2003FFB100886A3E /* JSONModel.m */,
				ADF5E25B2003FFB100886A3E /* JSONModelClassProperty.h */,
				ADF5E25C2003FFB100886A3E /* JSONModelClassProperty.m */,
				ADF5E25D2003FFB100886A3E /* JSONModelError.h */,
				ADF5E25E2003FFB100886A3E /* JSONModelError.m */,
			);
			path = JSONModel;
			sourceTree = "<group>";
		};
		ADF5E2612003FFB100886A3E /* JSONModelNetworking */ = {
			isa = PBXGroup;
			children = (
				ADF5E2622003FFB100886A3E /* JSONAPI.h */,
				ADF5E2632003FFB100886A3E /* JSONAPI.m */,
				ADF5E2642003FFB100886A3E /* JSONHTTPClient.h */,
				ADF5E2652003FFB100886A3E /* JSONHTTPClient.m */,
				ADF5E2662003FFB100886A3E /* JSONModel+networking.h */,
				ADF5E2672003FFB100886A3E /* JSONModel+networking.m */,
			);
			path = JSONModelNetworking;
			sourceTree = "<group>";
		};
		ADF5E2682003FFB100886A3E /* JSONModelTransformations */ = {
			isa = PBXGroup;
			children = (
				ADF5E2692003FFB100886A3E /* JSONKeyMapper.h */,
				ADF5E26A2003FFB100886A3E /* JSONKeyMapper.m */,
				ADF5E26B2003FFB100886A3E /* JSONValueTransformer.h */,
				ADF5E26C2003FFB100886A3E /* JSONValueTransformer.m */,
			);
			path = JSONModelTransformations;
			sourceTree = "<group>";
		};
/* End PBXGroup section */

/* Begin PBXNativeTarget section */
		AD614C3E1FFFFCDF002DC400 /* ProjetoSecreto */ = {
			isa = PBXNativeTarget;
			buildConfigurationList = AD614C591FFFFCDF002DC400 /* Build configuration list for PBXNativeTarget "ProjetoSecreto" */;
			buildPhases = (
				AD614C3B1FFFFCDF002DC400 /* Sources */,
				AD614C3C1FFFFCDF002DC400 /* Frameworks */,
				AD614C3D1FFFFCDF002DC400 /* Resources */,
			);
			buildRules = (
			);
			dependencies = (
			);
			name = ProjetoSecreto;
			productName = ProjetoSecreto;
			productReference = AD614C3F1FFFFCDF002DC400 /* ProjetoSecreto.app */;
			productType = "com.apple.product-type.application";
		};
/* End PBXNativeTarget section */

/* Begin PBXProject section */
		AD614C371FFFFCDF002DC400 /* Project object */ = {
			isa = PBXProject;
			attributes = {
				LastUpgradeCheck = 0830;
				ORGANIZATIONNAME = Sig;
				TargetAttributes = {
					AD614C3E1FFFFCDF002DC400 = {
						CreatedOnToolsVersion = 8.3.3;
						ProvisioningStyle = Automatic;
					};
				};
			};
			buildConfigurationList = AD614C3A1FFFFCDF002DC400 /* Build configuration list for PBXProject "ProjetoSecreto" */;
			compatibilityVersion = "Xcode 3.2";
			developmentRegion = English;
			hasScannedForEncodings = 0;
			knownRegions = (
				en,
				Base,
			);
			mainGroup = AD614C361FFFFCDF002DC400;
			productRefGroup = AD614C401FFFFCDF002DC400 /* Products */;
			projectDirPath = "";
			projectRoot = "";
			targets = (
				AD614C3E1FFFFCDF002DC400 /* ProjetoSecreto */,
			);
		};
/* End PBXProject section */

/* Begin PBXResourcesBuildPhase section */
		AD614C3D1FFFFCDF002DC400 /* Resources */ = {
			isa = PBXResourcesBuildPhase;
			buildActionMask = 2147483647;
			files = (
				30CA36ED200B968600CE8CD3 /* CargaCategoriaStoryboard.storyboard in Resources */,
				300A723B201534B200D08355 /* EntradaDetalheStoryboard.storyboard in Resources */,
				AD614C671FFFFF20002DC400 /* Assets.xcassets in Resources */,
				30FFF95C20115C340006124D /* EntradaStoryboard.storyboard in Resources */,
				ADF5E2702003FFB100886A3E /* Info.plist in Resources */,
				30FFF95A20114DEE0006124D /* EntradaTableCell.xib in Resources */,
				AD614C661FFFFF20002DC400 /* Info.plist in Resources */,
				AD614C691FFFFF20002DC400 /* Main.storyboard in Resources */,
			);
			runOnlyForDeploymentPostprocessing = 0;
		};
/* End PBXResourcesBuildPhase section */

/* Begin PBXSourcesBuildPhase section */
		AD614C3B1FFFFCDF002DC400 /* Sources */ = {
			isa = PBXSourcesBuildPhase;
			buildActionMask = 2147483647;
			files = (
				ADF5E2752003FFB100886A3E /* JSONHTTPClient.m in Sources */,
				ADF5E2742003FFB100886A3E /* JSONAPI.m in Sources */,
				AD614CD82000FD2E002DC400 /* Categoria.m in Sources */,
				301853CD200EB4C3005CF43D /* Entrada.m in Sources */,
				AD614CCB2000EBC5002DC400 /* CategoriaDao.m in Sources */,
				AD614C9B2000E02A002DC400 /* ProjetoSecreto.xcdatamodeld in Sources */,
				ADF5E2722003FFB100886A3E /* JSONModelClassProperty.m in Sources */,
				30FFF960201165A40006124D /* EntradaStoryboardController.m in Sources */,
				301853D0200EB526005CF43D /* EntradaDao.m in Sources */,
				300A723E201534DD00D08355 /* EntradaDetalheStoryboardController.m in Sources */,
				3023B5872014269300A5CE62 /* EntradaVisualizacaoTableController.m in Sources */,
				AD614C9D2000E02A002DC400 /* main.m in Sources */,
				AD614CAD2000E1E8002DC400 /* PrincipalController.m in Sources */,
				ADF5E2712003FFB100886A3E /* JSONModel.m in Sources */,
				ADF5E2782003FFB100886A3E /* JSONValueTransformer.m in Sources */,
				30FFF95920114DEE0006124D /* EntradaTableCell.m in Sources */,
				ADF5E2772003FFB100886A3E /* JSONKeyMapper.m in Sources */,
				30CA36F1200B979A00CE8CD3 /* CargaCategoriaStoryboardController.m in Sources */,
				ADF5E2732003FFB100886A3E /* JSONModelError.m in Sources */,
				AD614C9C2000E02A002DC400 /* AppDelegate.m in Sources */,
				AD614CD52000FCFA002DC400 /* CategoriaService.m in Sources */,
				301853C9200EB21F005CF43D /* EntradaTableController.m in Sources */,
				ADF5E2762003FFB100886A3E /* JSONModel+networking.m in Sources */,
			);
			runOnlyForDeploymentPostprocessing = 0;
		};
/* End PBXSourcesBuildPhase section */

/* Begin PBXVariantGroup section */
		AD614C621FFFFF20002DC400 /* LaunchScreen.storyboard */ = {
			isa = PBXVariantGroup;
			children = (
				AD614C631FFFFF20002DC400 /* Base */,
			);
			name = LaunchScreen.storyboard;
			sourceTree = "<group>";
		};
		AD614C641FFFFF20002DC400 /* Main.storyboard */ = {
			isa = PBXVariantGroup;
			children = (
				AD614C651FFFFF20002DC400 /* Base */,
			);
			name = Main.storyboard;
			sourceTree = "<group>";
		};
/* End PBXVariantGroup section */

/* Begin XCBuildConfiguration section */
		AD614C571FFFFCDF002DC400 /* Debug */ = {
			isa = XCBuildConfiguration;
			buildSettings = {
				ALWAYS_SEARCH_USER_PATHS = NO;
				CLANG_ANALYZER_NONNULL = YES;
				CLANG_ANALYZER_NUMBER_OBJECT_CONVERSION = YES_AGGRESSIVE;
				CLANG_CXX_LANGUAGE_STANDARD = "gnu++0x";
				CLANG_CXX_LIBRARY = "libc++";
				CLANG_ENABLE_MODULES = YES;
				CLANG_ENABLE_OBJC_ARC = YES;
				CLANG_WARN_BOOL_CONVERSION = YES;
				CLANG_WARN_CONSTANT_CONVERSION = YES;
				CLANG_WARN_DIRECT_OBJC_ISA_USAGE = YES_ERROR;
				CLANG_WARN_DOCUMENTATION_COMMENTS = YES;
				CLANG_WARN_EMPTY_BODY = YES;
				CLANG_WARN_ENUM_CONVERSION = YES;
				CLANG_WARN_INFINITE_RECURSION = YES;
				CLANG_WARN_INT_CONVERSION = YES;
				CLANG_WARN_OBJC_ROOT_CLASS = YES_ERROR;
				CLANG_WARN_SUSPICIOUS_MOVE = YES;
				CLANG_WARN_UNREACHABLE_CODE = YES;
				CLANG_WARN__DUPLICATE_METHOD_MATCH = YES;
				"CODE_SIGN_IDENTITY[sdk=iphoneos*]" = "iPhone Developer";
				COPY_PHASE_STRIP = NO;
				DEBUG_INFORMATION_FORMAT = dwarf;
				ENABLE_STRICT_OBJC_MSGSEND = YES;
				ENABLE_TESTABILITY = YES;
				GCC_C_LANGUAGE_STANDARD = gnu99;
				GCC_DYNAMIC_NO_PIC = NO;
				GCC_NO_COMMON_BLOCKS = YES;
				GCC_OPTIMIZATION_LEVEL = 0;
				GCC_PREPROCESSOR_DEFINITIONS = (
					"DEBUG=1",
					"$(inherited)",
				);
				GCC_WARN_64_TO_32_BIT_CONVERSION = YES;
				GCC_WARN_ABOUT_RETURN_TYPE = YES_ERROR;
				GCC_WARN_UNDECLARED_SELECTOR = YES;
				GCC_WARN_UNINITIALIZED_AUTOS = YES_AGGRESSIVE;
				GCC_WARN_UNUSED_FUNCTION = YES;
				GCC_WARN_UNUSED_VARIABLE = YES;
				IPHONEOS_DEPLOYMENT_TARGET = 10.3;
				MTL_ENABLE_DEBUG_INFO = YES;
				ONLY_ACTIVE_ARCH = YES;
				SDKROOT = iphoneos;
			};
			name = Debug;
		};
		AD614C581FFFFCDF002DC400 /* Release */ = {
			isa = XCBuildConfiguration;
			buildSettings = {
				ALWAYS_SEARCH_USER_PATHS = NO;
				CLANG_ANALYZER_NONNULL = YES;
				CLANG_ANALYZER_NUMBER_OBJECT_CONVERSION = YES_AGGRESSIVE;
				CLANG_CXX_LANGUAGE_STANDARD = "gnu++0x";
				CLANG_CXX_LIBRARY = "libc++";
				CLANG_ENABLE_MODULES = YES;
				CLANG_ENABLE_OBJC_ARC = YES;
				CLANG_WARN_BOOL_CONVERSION = YES;
				CLANG_WARN_CONSTANT_CONVERSION = YES;
				CLANG_WARN_DIRECT_OBJC_ISA_USAGE = YES_ERROR;
				CLANG_WARN_DOCUMENTATION_COMMENTS = YES;
				CLANG_WARN_EMPTY_BODY = YES;
				CLANG_WARN_ENUM_CONVERSION = YES;
				CLANG_WARN_INFINITE_RECURSION = YES;
				CLANG_WARN_INT_CONVERSION = YES;
				CLANG_WARN_OBJC_ROOT_CLASS = YES_ERROR;
				CLANG_WARN_SUSPICIOUS_MOVE = YES;
				CLANG_WARN_UNREACHABLE_CODE = YES;
				CLANG_WARN__DUPLICATE_METHOD_MATCH = YES;
				"CODE_SIGN_IDENTITY[sdk=iphoneos*]" = "iPhone Developer";
				COPY_PHASE_STRIP = NO;
				DEBUG_INFORMATION_FORMAT = "dwarf-with-dsym";
				ENABLE_NS_ASSERTIONS = NO;
				ENABLE_STRICT_OBJC_MSGSEND = YES;
				GCC_C_LANGUAGE_STANDARD = gnu99;
				GCC_NO_COMMON_BLOCKS = YES;
				GCC_WARN_64_TO_32_BIT_CONVERSION = YES;
				GCC_WARN_ABOUT_RETURN_TYPE = YES_ERROR;
				GCC_WARN_UNDECLARED_SELECTOR = YES;
				GCC_WARN_UNINITIALIZED_AUTOS = YES_AGGRESSIVE;
				GCC_WARN_UNUSED_FUNCTION = YES;
				GCC_WARN_UNUSED_VARIABLE = YES;
				IPHONEOS_DEPLOYMENT_TARGET = 10.3;
				MTL_ENABLE_DEBUG_INFO = NO;
				SDKROOT = iphoneos;
				VALIDATE_PRODUCT = YES;
			};
			name = Release;
		};
		AD614C5A1FFFFCDF002DC400 /* Debug */ = {
			isa = XCBuildConfiguration;
			buildSettings = {
				ASSETCATALOG_COMPILER_APPICON_NAME = AppIcon;
				INFOPLIST_FILE = "$(SRCROOT)/ProjetoSecreto/Config/Info.plist";
				LD_RUNPATH_SEARCH_PATHS = "$(inherited) @executable_path/Frameworks";
				PRODUCT_BUNDLE_IDENTIFIER = br.com.sig.ProjetoSecreto;
				PRODUCT_NAME = "$(TARGET_NAME)";
			};
			name = Debug;
		};
		AD614C5B1FFFFCDF002DC400 /* Release */ = {
			isa = XCBuildConfiguration;
			buildSettings = {
				ASSETCATALOG_COMPILER_APPICON_NAME = AppIcon;
				INFOPLIST_FILE = "$(SRCROOT)/ProjetoSecreto/Config/Info.plist";
				LD_RUNPATH_SEARCH_PATHS = "$(inherited) @executable_path/Frameworks";
				PRODUCT_BUNDLE_IDENTIFIER = br.com.sig.ProjetoSecreto;
				PRODUCT_NAME = "$(TARGET_NAME)";
			};
			name = Release;
		};
/* End XCBuildConfiguration section */

/* Begin XCConfigurationList section */
		AD614C3A1FFFFCDF002DC400 /* Build configuration list for PBXProject "ProjetoSecreto" */ = {
			isa = XCConfigurationList;
			buildConfigurations = (
				AD614C571FFFFCDF002DC400 /* Debug */,
				AD614C581FFFFCDF002DC400 /* Release */,
			);
			defaultConfigurationIsVisible = 0;
			defaultConfigurationName = Release;
		};
		AD614C591FFFFCDF002DC400 /* Build configuration list for PBXNativeTarget "ProjetoSecreto" */ = {
			isa = XCConfigurationList;
			buildConfigurations = (
				AD614C5A1FFFFCDF002DC400 /* Debug */,
				AD614C5B1FFFFCDF002DC400 /* Release */,
			);
			defaultConfigurationIsVisible = 0;
			defaultConfigurationName = Release;
		};
/* End XCConfigurationList section */

/* Begin XCVersionGroup section */
		AD614C942000E02A002DC400 /* ProjetoSecreto.xcdatamodeld */ = {
			isa = XCVersionGroup;
			children = (
				AD614C952000E02A002DC400 /* ProjetoSecreto.xcdatamodel */,
			);
			currentVersion = AD614C952000E02A002DC400 /* ProjetoSecreto.xcdatamodel */;
			path = ProjetoSecreto.xcdatamodeld;
			sourceTree = "<group>";
			versionGroupType = wrapper.xcdatamodel;
		};
/* End XCVersionGroup section */
	};
	rootObject = AD614C371FFFFCDF002DC400 /* Project object */;
}
